
Microsoft Visual Studio Solution File, Format Version 12.00
# Visual Studio Version 17
VisualStudioVersion = 17.1.32319.34
MinimumVisualStudioVersion = 10.0.40219.1
Project("{9A19103F-16F7-4668-BE54-9A1E7A4F7556}") = "PiranhaTest", "PiranhaTest.csproj", "{31E7071A-29C4-4BE6-A295-08C9AC7E8289}"
EndProject
Global
	GlobalSection(SolutionConfigurationPlatforms) = preSolution
		Debug|Any CPU = Debug|Any CPU
		Release|Any CPU = Release|Any CPU
	EndGlobalSection
	GlobalSection(ProjectConfigurationPlatforms) = postSolution
		{31E7071A-29C4-4BE6-A295-08C9AC7E8289}.Debug|Any CPU.ActiveCfg = Debug|Any CPU
		{31E7071A-29C4-4BE6-A295-08C9AC7E8289}.Debug|Any CPU.Build.0 = Debug|Any CPU
		{31E7071A-29C4-4BE6-A295-08C9AC7E8289}.Release|Any CPU.ActiveCfg = Release|Any CPU
		{31E7071A-29C4-4BE6-A295-08C9AC7E8289}.Release|Any CPU.Build.0 = Release|Any CPU
	EndGlobalSection
	GlobalSection(SolutionProperties) = preSolution
		HideSolutionNode = FALSE
	EndGlobalSection
	GlobalSection(ExtensibilityGlobals) = postSolution
		SolutionGuid = {BED1ED06-3A50-45B0-A2D8-6F6DB6AAA8AD}
	EndGlobalSection
EndGlobal
